
Microsoft Visual Studio Solution File, Format Version 12.00
# Visual Studio Version 17
VisualStudioVersion = 17.4.33122.133
MinimumVisualStudioVersion = 10.0.40219.1
Project("{2150E333-8FDC-42A3-9474-1A3956D46DE8}") = "Src", "Src", "{A56D3E55-2494-4BC1-B1EC-ACE06B6F7C81}"
EndProject
Project("{2150E333-8FDC-42A3-9474-1A3956D46DE8}") = "Examples", "Examples", "{0726D39A-CECB-4218-A8D7-B1822BB08999}"
EndProject
Project("{2150E333-8FDC-42A3-9474-1A3956D46DE8}") = "Tests", "Tests", "{5ED6A441-6CCC-4196-8518-AC408223ED13}"
EndProject
Project("{9A19103F-16F7-4668-BE54-9A1E7A4F7556}") = "Example.WebApi", "Examples\Example.WebApi\Example.WebApi.csproj", "{0D56E1EE-6B04-473E-8E86-AD6E39406121}"
EndProject
Project("{9A19103F-16F7-4668-BE54-9A1E7A4F7556}") = "Example.WebApi.Test.WithXunit", "Examples\Example.WebApi.Test.WithXunit\Example.WebApi.Test.WithXunit.csproj", "{AA205A2A-17EF-495D-9D0D-AB7CF29D6722}"
EndProject
Project("{9A19103F-16F7-4668-BE54-9A1E7A4F7556}") = "AspNetCore.Testing.MadeEasy.Test", "Tests\AspNetCore.Testing.MadeEasy.Test\AspNetCore.Testing.MadeEasy.Test.csproj", "{B61085CD-9940-4D42-8CC7-0ECC325681DD}"
EndProject
Project("{2150E333-8FDC-42A3-9474-1A3956D46DE8}") = "Solution Items", "Solution Items", "{17A80718-203D-4E2B-8C4B-F41D6634B43C}"
	ProjectSection(SolutionItems) = preProject
		.editorconfig = .editorconfig
	EndProjectSection
EndProject
Project("{9A19103F-16F7-4668-BE54-9A1E7A4F7556}") = "AspNetCore.Testing.MadeEasy", "Src\AspNetCore.Testing.MadeEasy\AspNetCore.Testing.MadeEasy.csproj", "{E7E7048C-FB1A-4AD6-AB90-BBF36BD655DA}"
EndProject
Project("{9A19103F-16F7-4668-BE54-9A1E7A4F7556}") = "AspNetCore.Testing.MadeEasy.EfCore.Moq", "Src\AspNetCore.Testing.MadeEasy.EfCore.Moq\AspNetCore.Testing.MadeEasy.EfCore.Moq.csproj", "{CE820B17-B56F-4869-B86C-E15C3761D8C5}"
EndProject
Project("{FAE04EC0-301F-11D3-BF4B-00C04F79EFBC}") = "AspNetCore.Testing.MadeEasy.EfCore.Moq.Test", "Tests\AspNetCore.Testing.MadeEasy.EfCore.Moq.Test\AspNetCore.Testing.MadeEasy.EfCore.Moq.Test.csproj", "{9FBD281A-B253-4755-959E-031AFA578E31}"
EndProject
Global
	GlobalSection(SolutionConfigurationPlatforms) = preSolution
		Debug|Any CPU = Debug|Any CPU
		Release|Any CPU = Release|Any CPU
	EndGlobalSection
	GlobalSection(ProjectConfigurationPlatforms) = postSolution
		{0D56E1EE-6B04-473E-8E86-AD6E39406121}.Debug|Any CPU.ActiveCfg = Debug|Any CPU
		{0D56E1EE-6B04-473E-8E86-AD6E39406121}.Debug|Any CPU.Build.0 = Debug|Any CPU
		{0D56E1EE-6B04-473E-8E86-AD6E39406121}.Release|Any CPU.ActiveCfg = Release|Any CPU
		{0D56E1EE-6B04-473E-8E86-AD6E39406121}.Release|Any CPU.Build.0 = Release|Any CPU
		{AA205A2A-17EF-495D-9D0D-AB7CF29D6722}.Debug|Any CPU.ActiveCfg = Debug|Any CPU
		{AA205A2A-17EF-495D-9D0D-AB7CF29D6722}.Debug|Any CPU.Build.0 = Debug|Any CPU
		{AA205A2A-17EF-495D-9D0D-AB7CF29D6722}.Release|Any CPU.ActiveCfg = Release|Any CPU
		{AA205A2A-17EF-495D-9D0D-AB7CF29D6722}.Release|Any CPU.Build.0 = Release|Any CPU
		{B61085CD-9940-4D42-8CC7-0ECC325681DD}.Debug|Any CPU.ActiveCfg = Debug|Any CPU
		{B61085CD-9940-4D42-8CC7-0ECC325681DD}.Debug|Any CPU.Build.0 = Debug|Any CPU
		{B61085CD-9940-4D42-8CC7-0ECC325681DD}.Release|Any CPU.ActiveCfg = Release|Any CPU
		{B61085CD-9940-4D42-8CC7-0ECC325681DD}.Release|Any CPU.Build.0 = Release|Any CPU
		{E7E7048C-FB1A-4AD6-AB90-BBF36BD655DA}.Debug|Any CPU.ActiveCfg = Debug|Any CPU
		{E7E7048C-FB1A-4AD6-AB90-BBF36BD655DA}.Debug|Any CPU.Build.0 = Debug|Any CPU
		{E7E7048C-FB1A-4AD6-AB90-BBF36BD655DA}.Release|Any CPU.ActiveCfg = Release|Any CPU
		{E7E7048C-FB1A-4AD6-AB90-BBF36BD655DA}.Release|Any CPU.Build.0 = Release|Any CPU
		{CE820B17-B56F-4869-B86C-E15C3761D8C5}.Debug|Any CPU.ActiveCfg = Debug|Any CPU
		{CE820B17-B56F-4869-B86C-E15C3761D8C5}.Debug|Any CPU.Build.0 = Debug|Any CPU
		{CE820B17-B56F-4869-B86C-E15C3761D8C5}.Release|Any CPU.ActiveCfg = Release|Any CPU
		{CE820B17-B56F-4869-B86C-E15C3761D8C5}.Release|Any CPU.Build.0 = Release|Any CPU
		{9FBD281A-B253-4755-959E-031AFA578E31}.Debug|Any CPU.ActiveCfg = Debug|Any CPU
		{9FBD281A-B253-4755-959E-031AFA578E31}.Debug|Any CPU.Build.0 = Debug|Any CPU
		{9FBD281A-B253-4755-959E-031AFA578E31}.Release|Any CPU.ActiveCfg = Release|Any CPU
		{9FBD281A-B253-4755-959E-031AFA578E31}.Release|Any CPU.Build.0 = Release|Any CPU
	EndGlobalSection
	GlobalSection(SolutionProperties) = preSolution
		HideSolutionNode = FALSE
	EndGlobalSection
	GlobalSection(NestedProjects) = preSolution
		{0D56E1EE-6B04-473E-8E86-AD6E39406121} = {0726D39A-CECB-4218-A8D7-B1822BB08999}
		{AA205A2A-17EF-495D-9D0D-AB7CF29D6722} = {0726D39A-CECB-4218-A8D7-B1822BB08999}
		{B61085CD-9940-4D42-8CC7-0ECC325681DD} = {5ED6A441-6CCC-4196-8518-AC408223ED13}
		{E7E7048C-FB1A-4AD6-AB90-BBF36BD655DA} = {A56D3E55-2494-4BC1-B1EC-ACE06B6F7C81}
		{CE820B17-B56F-4869-B86C-E15C3761D8C5} = {A56D3E55-2494-4BC1-B1EC-ACE06B6F7C81}
		{9FBD281A-B253-4755-959E-031AFA578E31} = {5ED6A441-6CCC-4196-8518-AC408223ED13}
	EndGlobalSection
	GlobalSection(ExtensibilityGlobals) = postSolution
		SolutionGuid = {12F4E564-8034-4BA0-A6E4-302E3F50B5BE}
	EndGlobalSection
EndGlobal
