
Microsoft Visual Studio Solution File, Format Version 12.00
# Visual Studio Version 16
VisualStudioVersion = 16.0.32126.315
MinimumVisualStudioVersion = 10.0.40219.1
Project("{2150E333-8FDC-42A3-9474-1A3956D46DE8}") = "src", "src", "{A56D3E55-2494-4BC1-B1EC-ACE06B6F7C81}"
EndProject
Project("{FAE04EC0-301F-11D3-BF4B-00C04F79EFBC}") = "AspNetCore.Testing.MadeEasy", "src\AspNetCore.Testing.MadeEasy\AspNetCore.Testing.MadeEasy.csproj", "{445805DC-C0CD-41C8-9ECB-780D51A44DB5}"
EndProject
Global
	GlobalSection(SolutionConfigurationPlatforms) = preSolution
		Debug|Any CPU = Debug|Any CPU
		Release|Any CPU = Release|Any CPU
	EndGlobalSection
	GlobalSection(ProjectConfigurationPlatforms) = postSolution
		{445805DC-C0CD-41C8-9ECB-780D51A44DB5}.Debug|Any CPU.ActiveCfg = Debug|Any CPU
		{445805DC-C0CD-41C8-9ECB-780D51A44DB5}.Debug|Any CPU.Build.0 = Debug|Any CPU
		{445805DC-C0CD-41C8-9ECB-780D51A44DB5}.Release|Any CPU.ActiveCfg = Release|Any CPU
		{445805DC-C0CD-41C8-9ECB-780D51A44DB5}.Release|Any CPU.Build.0 = Release|Any CPU
	EndGlobalSection
	GlobalSection(SolutionProperties) = preSolution
		HideSolutionNode = FALSE
	EndGlobalSection
	GlobalSection(NestedProjects) = preSolution
		{445805DC-C0CD-41C8-9ECB-780D51A44DB5} = {A56D3E55-2494-4BC1-B1EC-ACE06B6F7C81}
	EndGlobalSection
	GlobalSection(ExtensibilityGlobals) = postSolution
		SolutionGuid = {12F4E564-8034-4BA0-A6E4-302E3F50B5BE}
	EndGlobalSection
EndGlobal
