
Microsoft Visual Studio Solution File, Format Version 12.00
# Visual Studio Version 17
VisualStudioVersion = 17.4.33122.133
MinimumVisualStudioVersion = 10.0.40219.1
Project("{2150E333-8FDC-42A3-9474-1A3956D46DE8}") = "src", "src", "{A56D3E55-2494-4BC1-B1EC-ACE06B6F7C81}"
EndProject
Project("{9A19103F-16F7-4668-BE54-9A1E7A4F7556}") = "AspNetCore.Testing.MadeEasy", "src\AspNetCore.Testing.MadeEasy\AspNetCore.Testing.MadeEasy.csproj", "{445805DC-C0CD-41C8-9ECB-780D51A44DB5}"
EndProject
Project("{2150E333-8FDC-42A3-9474-1A3956D46DE8}") = "Examples", "Examples", "{0726D39A-CECB-4218-A8D7-B1822BB08999}"
EndProject
Project("{2150E333-8FDC-42A3-9474-1A3956D46DE8}") = "Tests", "Tests", "{5ED6A441-6CCC-4196-8518-AC408223ED13}"
EndProject
Project("{FAE04EC0-301F-11D3-BF4B-00C04F79EFBC}") = "Example.WebApi", "Examples\Example.WebApi\Example.WebApi.csproj", "{0D56E1EE-6B04-473E-8E86-AD6E39406121}"
EndProject
Global
	GlobalSection(SolutionConfigurationPlatforms) = preSolution
		Debug|Any CPU = Debug|Any CPU
		Release|Any CPU = Release|Any CPU
	EndGlobalSection
	GlobalSection(ProjectConfigurationPlatforms) = postSolution
		{445805DC-C0CD-41C8-9ECB-780D51A44DB5}.Debug|Any CPU.ActiveCfg = Debug|Any CPU
		{445805DC-C0CD-41C8-9ECB-780D51A44DB5}.Debug|Any CPU.Build.0 = Debug|Any CPU
		{445805DC-C0CD-41C8-9ECB-780D51A44DB5}.Release|Any CPU.ActiveCfg = Release|Any CPU
		{445805DC-C0CD-41C8-9ECB-780D51A44DB5}.Release|Any CPU.Build.0 = Release|Any CPU
		{0D56E1EE-6B04-473E-8E86-AD6E39406121}.Debug|Any CPU.ActiveCfg = Debug|Any CPU
		{0D56E1EE-6B04-473E-8E86-AD6E39406121}.Debug|Any CPU.Build.0 = Debug|Any CPU
		{0D56E1EE-6B04-473E-8E86-AD6E39406121}.Release|Any CPU.ActiveCfg = Release|Any CPU
		{0D56E1EE-6B04-473E-8E86-AD6E39406121}.Release|Any CPU.Build.0 = Release|Any CPU
	EndGlobalSection
	GlobalSection(SolutionProperties) = preSolution
		HideSolutionNode = FALSE
	EndGlobalSection
	GlobalSection(NestedProjects) = preSolution
		{445805DC-C0CD-41C8-9ECB-780D51A44DB5} = {A56D3E55-2494-4BC1-B1EC-ACE06B6F7C81}
		{0D56E1EE-6B04-473E-8E86-AD6E39406121} = {0726D39A-CECB-4218-A8D7-B1822BB08999}
	EndGlobalSection
	GlobalSection(ExtensibilityGlobals) = postSolution
		SolutionGuid = {12F4E564-8034-4BA0-A6E4-302E3F50B5BE}
	EndGlobalSection
EndGlobal
